
Microsoft Visual Studio Solution File, Format Version 12.00
# Visual Studio 15
VisualStudioVersion = 15.0.28307.271
MinimumVisualStudioVersion = 10.0.40219.1
Project("{FAE04EC0-301F-11D3-BF4B-00C04F79EFBC}") = "palopalito", "palopalito\palopalito.csproj", "{EA1B4B1F-2DB6-4903-BAAC-9C00C5EAFBE4}"
EndProject
Global
	GlobalSection(SolutionConfigurationPlatforms) = preSolution
		Debug|Any CPU = Debug|Any CPU
		Release|Any CPU = Release|Any CPU
	EndGlobalSection
	GlobalSection(ProjectConfigurationPlatforms) = postSolution
		{EA1B4B1F-2DB6-4903-BAAC-9C00C5EAFBE4}.Debug|Any CPU.ActiveCfg = Debug|Any CPU
		{EA1B4B1F-2DB6-4903-BAAC-9C00C5EAFBE4}.Debug|Any CPU.Build.0 = Debug|Any CPU
		{EA1B4B1F-2DB6-4903-BAAC-9C00C5EAFBE4}.Release|Any CPU.ActiveCfg = Release|Any CPU
		{EA1B4B1F-2DB6-4903-BAAC-9C00C5EAFBE4}.Release|Any CPU.Build.0 = Release|Any CPU
	EndGlobalSection
	GlobalSection(SolutionProperties) = preSolution
		HideSolutionNode = FALSE
	EndGlobalSection
	GlobalSection(ExtensibilityGlobals) = postSolution
		SolutionGuid = {5A5A907D-4F5B-49A4-86F9-BD9573E47727}
	EndGlobalSection
EndGlobal
